// !$*UTF8*$!
{
	archiveVersion = 1;
	classes = {
	};
	objectVersion = 50;
	objects = {

/* Begin PBXFileReference section */
		B2CE8BEB265D045600B6D735 /* monsoon_platform_independent.h */ = {isa = PBXFileReference; lastKnownFileType = sourcecode.c.h; name = monsoon_platform_independent.h; path = ../../../code/monsoon_platform_independent.h; sourceTree = "<group>"; };
		B2CE8BEC265D045600B6D735 /* Makefile */ = {isa = PBXFileReference; lastKnownFileType = sourcecode.make; name = Makefile; path = ../../../code/Makefile; sourceTree = "<group>"; };
		B2CE8BED265D045600B6D735 /* macos_main.mm */ = {isa = PBXFileReference; lastKnownFileType = sourcecode.cpp.objcpp; name = macos_main.mm; path = ../../../code/macos_main.mm; sourceTree = "<group>"; };
		B2CE8BEE265D045600B6D735 /* monsoon_tile.cpp */ = {isa = PBXFileReference; lastKnownFileType = sourcecode.cpp.cpp; name = monsoon_tile.cpp; path = ../../../code/monsoon_tile.cpp; sourceTree = "<group>"; };
		B2CE8BEF265D045600B6D735 /* macos_support.cpp */ = {isa = PBXFileReference; lastKnownFileType = sourcecode.cpp.cpp; name = macos_support.cpp; path = ../../../code/macos_support.cpp; sourceTree = "<group>"; };
		B2CE8BF0265D045600B6D735 /* macos_keycode.h */ = {isa = PBXFileReference; lastKnownFileType = sourcecode.c.h; name = macos_keycode.h; path = ../../../code/macos_keycode.h; sourceTree = "<group>"; };
		B2CE8BF1265D045600B6D735 /* macos_support.h */ = {isa = PBXFileReference; lastKnownFileType = sourcecode.c.h; name = macos_support.h; path = ../../../code/macos_support.h; sourceTree = "<group>"; };
		B2CE8BF2265D045600B6D735 /* monsoon.cpp */ = {isa = PBXFileReference; lastKnownFileType = sourcecode.cpp.cpp; name = monsoon.cpp; path = ../../../code/monsoon.cpp; sourceTree = "<group>"; };
		B2CE8BF3265D045600B6D735 /* monsoon_intrinsic.h */ = {isa = PBXFileReference; lastKnownFileType = sourcecode.c.h; name = monsoon_intrinsic.h; path = ../../../code/monsoon_intrinsic.h; sourceTree = "<group>"; };
/* End PBXFileReference section */

/* Begin PBXGroup section */
		B2F57E86261C8E7D00C40A30 = {
			isa = PBXGroup;
			children = (
				B2CE8BF0265D045600B6D735 /* macos_keycode.h */,
				B2CE8BED265D045600B6D735 /* macos_main.mm */,
				B2CE8BEF265D045600B6D735 /* macos_support.cpp */,
				B2CE8BF1265D045600B6D735 /* macos_support.h */,
				B2CE8BEC265D045600B6D735 /* Makefile */,
				B2CE8BF3265D045600B6D735 /* monsoon_intrinsic.h */,
				B2CE8BEB265D045600B6D735 /* monsoon_platform_independent.h */,
				B2CE8BEE265D045600B6D735 /* monsoon_tile.cpp */,
				B2CE8BF2265D045600B6D735 /* monsoon.cpp */,
			);
			sourceTree = "<group>";
		};
/* End PBXGroup section */

/* Begin PBXProject section */
		B2F57E87261C8E7D00C40A30 /* Project object */ = {
			isa = PBXProject;
			attributes = {
				LastUpgradeCheck = 1240;
			};
			buildConfigurationList = B2F57E8A261C8E7D00C40A30 /* Build configuration list for PBXProject "macos_soma" */;
			compatibilityVersion = "Xcode 9.3";
			developmentRegion = en;
			hasScannedForEncodings = 0;
			knownRegions = (
				en,
				Base,
			);
			mainGroup = B2F57E86261C8E7D00C40A30;
			projectDirPath = "";
			projectRoot = "";
			targets = (
			);
		};
/* End PBXProject section */

/* Begin XCBuildConfiguration section */
		B2F57E8B261C8E7D00C40A30 /* Debug */ = {
			isa = XCBuildConfiguration;
			buildSettings = {
			};
			name = Debug;
		};
		B2F57E8C261C8E7D00C40A30 /* Release */ = {
			isa = XCBuildConfiguration;
			buildSettings = {
			};
			name = Release;
		};
/* End XCBuildConfiguration section */

/* Begin XCConfigurationList section */
		B2F57E8A261C8E7D00C40A30 /* Build configuration list for PBXProject "macos_soma" */ = {
			isa = XCConfigurationList;
			buildConfigurations = (
				B2F57E8B261C8E7D00C40A30 /* Debug */,
				B2F57E8C261C8E7D00C40A30 /* Release */,
			);
			defaultConfigurationIsVisible = 0;
			defaultConfigurationName = Release;
		};
/* End XCConfigurationList section */
	};
	rootObject = B2F57E87261C8E7D00C40A30 /* Project object */;
}
